
Microsoft Visual Studio Solution File, Format Version 12.00
# Visual Studio Version 17
VisualStudioVersion = 17.10.35027.167
MinimumVisualStudioVersion = 10.0.40219.1
Project("{8BC9CEB8-8B4A-11D0-8D11-00A0C91BC942}") = "lesson8t57", "lesson8t57\lesson8t57.vcxproj", "{D85141AC-0B82-435E-A63D-F5760313A36C}"
EndProject
Global
	GlobalSection(SolutionConfigurationPlatforms) = preSolution
		Debug|x64 = Debug|x64
		Debug|x86 = Debug|x86
		Release|x64 = Release|x64
		Release|x86 = Release|x86
	EndGlobalSection
	GlobalSection(ProjectConfigurationPlatforms) = postSolution
		{D85141AC-0B82-435E-A63D-F5760313A36C}.Debug|x64.ActiveCfg = Debug|x64
		{D85141AC-0B82-435E-A63D-F5760313A36C}.Debug|x64.Build.0 = Debug|x64
		{D85141AC-0B82-435E-A63D-F5760313A36C}.Debug|x86.ActiveCfg = Debug|Win32
		{D85141AC-0B82-435E-A63D-F5760313A36C}.Debug|x86.Build.0 = Debug|Win32
		{D85141AC-0B82-435E-A63D-F5760313A36C}.Release|x64.ActiveCfg = Release|x64
		{D85141AC-0B82-435E-A63D-F5760313A36C}.Release|x64.Build.0 = Release|x64
		{D85141AC-0B82-435E-A63D-F5760313A36C}.Release|x86.ActiveCfg = Release|Win32
		{D85141AC-0B82-435E-A63D-F5760313A36C}.Release|x86.Build.0 = Release|Win32
	EndGlobalSection
	GlobalSection(SolutionProperties) = preSolution
		HideSolutionNode = FALSE
	EndGlobalSection
	GlobalSection(ExtensibilityGlobals) = postSolution
		SolutionGuid = {274F5150-4572-4DCE-B801-649EE1B018AA}
	EndGlobalSection
EndGlobal
